
Microsoft Visual Studio Solution File, Format Version 12.00
# Visual Studio 15
VisualStudioVersion = 15.0.28307.168
MinimumVisualStudioVersion = 10.0.40219.1
Project("{FAE04EC0-301F-11D3-BF4B-00C04F79EFBC}") = "loginFunctionality", "loginFunctionality\loginFunctionality.csproj", "{7BA35706-345A-42A7-8CF8-81399078CD7C}"
EndProject
Global
	GlobalSection(SolutionConfigurationPlatforms) = preSolution
		Debug|Any CPU = Debug|Any CPU
		Release|Any CPU = Release|Any CPU
	EndGlobalSection
	GlobalSection(ProjectConfigurationPlatforms) = postSolution
		{7BA35706-345A-42A7-8CF8-81399078CD7C}.Debug|Any CPU.ActiveCfg = Debug|Any CPU
		{7BA35706-345A-42A7-8CF8-81399078CD7C}.Debug|Any CPU.Build.0 = Debug|Any CPU
		{7BA35706-345A-42A7-8CF8-81399078CD7C}.Release|Any CPU.ActiveCfg = Release|Any CPU
		{7BA35706-345A-42A7-8CF8-81399078CD7C}.Release|Any CPU.Build.0 = Release|Any CPU
	EndGlobalSection
	GlobalSection(SolutionProperties) = preSolution
		HideSolutionNode = FALSE
	EndGlobalSection
	GlobalSection(ExtensibilityGlobals) = postSolution
		SolutionGuid = {30C717D9-F83B-4B2B-A6DC-7E42EE093714}
	EndGlobalSection
EndGlobal
